
Microsoft Visual Studio Solution File, Format Version 12.00
# Visual Studio Version 16
VisualStudioVersion = 16.0.29920.165
MinimumVisualStudioVersion = 10.0.40219.1
Project("{FAE04EC0-301F-11D3-BF4B-00C04F79EFBC}") = "Laborator4_Voice", "Laborator4_Voice.csproj", "{0F5BDF6B-C739-4F0E-AB33-8607C1D52FBC}"
EndProject
Global
	GlobalSection(SolutionConfigurationPlatforms) = preSolution
		Debug|Any CPU = Debug|Any CPU
		Release|Any CPU = Release|Any CPU
	EndGlobalSection
	GlobalSection(ProjectConfigurationPlatforms) = postSolution
		{0F5BDF6B-C739-4F0E-AB33-8607C1D52FBC}.Debug|Any CPU.ActiveCfg = Debug|Any CPU
		{0F5BDF6B-C739-4F0E-AB33-8607C1D52FBC}.Debug|Any CPU.Build.0 = Debug|Any CPU
		{0F5BDF6B-C739-4F0E-AB33-8607C1D52FBC}.Release|Any CPU.ActiveCfg = Release|Any CPU
		{0F5BDF6B-C739-4F0E-AB33-8607C1D52FBC}.Release|Any CPU.Build.0 = Release|Any CPU
	EndGlobalSection
	GlobalSection(SolutionProperties) = preSolution
		HideSolutionNode = FALSE
	EndGlobalSection
	GlobalSection(ExtensibilityGlobals) = postSolution
		SolutionGuid = {834E0BD9-FD5B-4412-B5B7-BD59B8D4FDBA}
	EndGlobalSection
EndGlobal
